
Microsoft Visual Studio Solution File, Format Version 12.00
# Visual Studio Version 17
VisualStudioVersion = 17.2.32630.192
MinimumVisualStudioVersion = 10.0.40219.1
Project("{FAE04EC0-301F-11D3-BF4B-00C04F79EFBC}") = "RestEasy", "RestEasy.csproj", "{1F2825B9-C29E-4EC2-9C19-B03F62B8B7DC}"
EndProject
Project("{FAE04EC0-301F-11D3-BF4B-00C04F79EFBC}") = "RestEasyTest", "RestEasyTest\RestEasyTest.csproj", "{CBEEB89F-3650-4CA7-82C3-C5264C407352}"
EndProject
Global
	GlobalSection(SolutionConfigurationPlatforms) = preSolution
		Debug|Any CPU = Debug|Any CPU
		Release|Any CPU = Release|Any CPU
	EndGlobalSection
	GlobalSection(ProjectConfigurationPlatforms) = postSolution
		{1F2825B9-C29E-4EC2-9C19-B03F62B8B7DC}.Debug|Any CPU.ActiveCfg = Debug|Any CPU
		{1F2825B9-C29E-4EC2-9C19-B03F62B8B7DC}.Debug|Any CPU.Build.0 = Debug|Any CPU
		{1F2825B9-C29E-4EC2-9C19-B03F62B8B7DC}.Release|Any CPU.ActiveCfg = Release|Any CPU
		{1F2825B9-C29E-4EC2-9C19-B03F62B8B7DC}.Release|Any CPU.Build.0 = Release|Any CPU
		{CBEEB89F-3650-4CA7-82C3-C5264C407352}.Debug|Any CPU.ActiveCfg = Debug|Any CPU
		{CBEEB89F-3650-4CA7-82C3-C5264C407352}.Debug|Any CPU.Build.0 = Debug|Any CPU
		{CBEEB89F-3650-4CA7-82C3-C5264C407352}.Release|Any CPU.ActiveCfg = Release|Any CPU
		{CBEEB89F-3650-4CA7-82C3-C5264C407352}.Release|Any CPU.Build.0 = Release|Any CPU
	EndGlobalSection
	GlobalSection(SolutionProperties) = preSolution
		HideSolutionNode = FALSE
	EndGlobalSection
	GlobalSection(ExtensibilityGlobals) = postSolution
		SolutionGuid = {8296635B-11AC-49B2-B6C8-EA6435167489}
	EndGlobalSection
EndGlobal
